{
  "name": "vite-project-js",
  "version": "0.0.0",
  "lockfileVersion": 1,
  "requires": true,
  "dependencies": {
    "@babel/parser": {
      "version": "7.15.8",
      "resolved": "http://registry.npm.baidu-int.com/@babel%2fparser/-/parser-7.15.8.tgz",
      "integrity": "sha1-e6zcvnG9w/+TbVEMFdzqfPC5kBY="
    },
    "@vitejs/plugin-vue": {
      "version": "1.9.3",
      "resolved": "http://registry.npm.baidu-int.com/@vitejs%2fplugin-vue/-/plugin-vue-1.9.3.tgz",
      "integrity": "sha1-k9YYk85scj0CCa8Eg+yLkaLNgR8=",
      "dev": true
    },
    "@vue/compiler-core": {
      "version": "3.2.20",
      "resolved": "http://registry.npm.baidu-int.com/@vue%2fcompiler-core/-/compiler-core-3.2.20.tgz",
      "integrity": "sha1-r1o8UjeBiDWw0L6DfrWIWo0hwWA=",
      "requires": {
        "@babel/parser": "^7.15.0",
        "@vue/shared": "3.2.20",
        "estree-walker": "^2.0.2",
        "source-map": "^0.6.1"
      }
    },
    "@vue/compiler-dom": {
      "version": "3.2.20",
      "resolved": "http://registry.npm.baidu-int.com/@vue%2fcompiler-dom/-/compiler-dom-3.2.20.tgz",
      "integrity": "sha1-jg7zVEScD69BUZsAv8IEXq4B3LU=",
      "requires": {
        "@vue/compiler-core": "3.2.20",
        "@vue/shared": "3.2.20"
      }
    },
    "@vue/compiler-sfc": {
      "version": "3.2.20",
      "resolved": "http://registry.npm.baidu-int.com/@vue%2fcompiler-sfc/-/compiler-sfc-3.2.20.tgz",
      "integrity": "sha1-LXZo528GbFZt18CcFcmszk6Hbgo=",
      "requires": {
        "@babel/parser": "^7.15.0",
        "@vue/compiler-core": "3.2.20",
        "@vue/compiler-dom": "3.2.20",
        "@vue/compiler-ssr": "3.2.20",
        "@vue/ref-transform": "3.2.20",
        "@vue/shared": "3.2.20",
        "estree-walker": "^2.0.2",
        "magic-string": "^0.25.7",
        "postcss": "^8.1.10",
        "source-map": "^0.6.1"
      }
    },
    "@vue/compiler-ssr": {
      "version": "3.2.20",
      "resolved": "http://registry.npm.baidu-int.com/@vue%2fcompiler-ssr/-/compiler-ssr-3.2.20.tgz",
      "integrity": "sha1-nM62Jh2ZMstVaCAmEMHCj4bF5SE=",
      "requires": {
        "@vue/compiler-dom": "3.2.20",
        "@vue/shared": "3.2.20"
      }
    },
    "@vue/devtools-api": {
      "version": "6.0.0-beta.19",
      "resolved": "http://registry.npm.baidu-int.com/@vue%2fdevtools-api/-/devtools-api-6.0.0-beta.19.tgz",
      "integrity": "sha1-+OiAWdqkJFFZkkJqDH6lzeB+mb8="
    },
    "@vue/reactivity": {
      "version": "3.2.20",
      "resolved": "http://registry.npm.baidu-int.com/@vue%2freactivity/-/reactivity-3.2.20.tgz",
      "integrity": "sha1-gf4cNo5/ILwOwd7BBFu+4lNYLeg=",
      "requires": {
        "@vue/shared": "3.2.20"
      }
    },
    "@vue/ref-transform": {
      "version": "3.2.20",
      "resolved": "http://registry.npm.baidu-int.com/@vue%2fref-transform/-/ref-transform-3.2.20.tgz",
      "integrity": "sha1-KlnskMr45cczZ3agkAv/CouBwJA=",
      "requires": {
        "@babel/parser": "^7.15.0",
        "@vue/compiler-core": "3.2.20",
        "@vue/shared": "3.2.20",
        "estree-walker": "^2.0.2",
        "magic-string": "^0.25.7"
      }
    },
    "@vue/runtime-core": {
      "version": "3.2.20",
      "resolved": "http://registry.npm.baidu-int.com/@vue%2fruntime-core/-/runtime-core-3.2.20.tgz",
      "integrity": "sha1-j2PpVqP4j7dyVBRDxFp3ASEQEss=",
      "requires": {
        "@vue/reactivity": "3.2.20",
        "@vue/shared": "3.2.20"
      }
    },
    "@vue/runtime-dom": {
      "version": "3.2.20",
      "resolved": "http://registry.npm.baidu-int.com/@vue%2fruntime-dom/-/runtime-dom-3.2.20.tgz",
      "integrity": "sha1-iqVq5sMPnNSnHKDp7DxL3GcUjRU=",
      "requires": {
        "@vue/runtime-core": "3.2.20",
        "@vue/shared": "3.2.20",
        "csstype": "^2.6.8"
      }
    },
    "@vue/server-renderer": {
      "version": "3.2.20",
      "resolved": "http://registry.npm.baidu-int.com/@vue%2fserver-renderer/-/server-renderer-3.2.20.tgz",
      "integrity": "sha1-cF4HrpQlEysrYifTCKUaE/TU7IE=",
      "requires": {
        "@vue/compiler-ssr": "3.2.20",
        "@vue/shared": "3.2.20"
      }
    },
    "@vue/shared": {
      "version": "3.2.20",
      "resolved": "http://registry.npm.baidu-int.com/@vue%2fshared/-/shared-3.2.20.tgz",
      "integrity": "sha1-U3RpYfcxqOpmbjMWJx6UQjjcMds="
    },
    "csstype": {
      "version": "2.6.18",
      "resolved": "http://registry.npm.baidu-int.com/csstype/-/csstype-2.6.18.tgz",
      "integrity": "sha1-mAqLUwhfNK8xNBCvBk8r0kF4Qhg="
    },
    "esbuild": {
      "version": "0.13.9",
      "resolved": "http://registry.npm.baidu-int.com/esbuild/-/esbuild-0.13.9.tgz",
      "integrity": "sha1-qvxLM3WsRDrnsiPCbE5Y0Q0tU1s=",
      "dev": true,
      "requires": {
        "esbuild-android-arm64": "0.13.9",
        "esbuild-darwin-64": "0.13.9",
        "esbuild-darwin-arm64": "0.13.9",
        "esbuild-freebsd-64": "0.13.9",
        "esbuild-freebsd-arm64": "0.13.9",
        "esbuild-linux-32": "0.13.9",
        "esbuild-linux-64": "0.13.9",
        "esbuild-linux-arm": "0.13.9",
        "esbuild-linux-arm64": "0.13.9",
        "esbuild-linux-mips64le": "0.13.9",
        "esbuild-linux-ppc64le": "0.13.9",
        "esbuild-netbsd-64": "0.13.9",
        "esbuild-openbsd-64": "0.13.9",
        "esbuild-sunos-64": "0.13.9",
        "esbuild-windows-32": "0.13.9",
        "esbuild-windows-64": "0.13.9",
        "esbuild-windows-arm64": "0.13.9"
      }
    },
    "esbuild-android-arm64": {
      "version": "0.13.9",
      "resolved": "http://registry.npm.baidu-int.com/esbuild-android-arm64/-/esbuild-android-arm64-0.13.9.tgz",
      "integrity": "sha1-bMSgxiMzLAgwoxHd2CQrH0lv+UA=",
      "dev": true,
      "optional": true
    },
    "esbuild-darwin-64": {
      "version": "0.13.9",
      "resolved": "http://registry.npm.baidu-int.com/esbuild-darwin-64/-/esbuild-darwin-64-0.13.9.tgz",
      "integrity": "sha1-30QpfCQ4AyzaKyFUioK7AH4hBcw=",
      "dev": true,
      "optional": true
    },
    "esbuild-darwin-arm64": {
      "version": "0.13.9",
      "resolved": "http://registry.npm.baidu-int.com/esbuild-darwin-arm64/-/esbuild-darwin-arm64-0.13.9.tgz",
      "integrity": "sha1-cE70BKajjtoZDUDtNU5/LByDkIE=",
      "dev": true,
      "optional": true
    },
    "esbuild-freebsd-64": {
      "version": "0.13.9",
      "resolved": "http://registry.npm.baidu-int.com/esbuild-freebsd-64/-/esbuild-freebsd-64-0.13.9.tgz",
      "integrity": "sha1-+78iyZ4V8n0PihoEDXlhqG8NOk4=",
      "dev": true,
      "optional": true
    },
    "esbuild-freebsd-arm64": {
      "version": "0.13.9",
      "resolved": "http://registry.npm.baidu-int.com/esbuild-freebsd-arm64/-/esbuild-freebsd-arm64-0.13.9.tgz",
      "integrity": "sha1-gJ//TENlPbvwcf/On4CgMLJ4CY4=",
      "dev": true,
      "optional": true
    },
    "esbuild-linux-32": {
      "version": "0.13.9",
      "resolved": "http://registry.npm.baidu-int.com/esbuild-linux-32/-/esbuild-linux-32-0.13.9.tgz",
      "integrity": "sha1-+f00I0geUWdOmBfV7qJWiYiaX1o=",
      "dev": true,
      "optional": true
    },
    "esbuild-linux-64": {
      "version": "0.13.9",
      "resolved": "http://registry.npm.baidu-int.com/esbuild-linux-64/-/esbuild-linux-64-0.13.9.tgz",
      "integrity": "sha1-nX9mhm2uGrr/fLw3SfKEfV+3L9U=",
      "dev": true,
      "optional": true
    },
    "esbuild-linux-arm": {
      "version": "0.13.9",
      "resolved": "http://registry.npm.baidu-int.com/esbuild-linux-arm/-/esbuild-linux-arm-0.13.9.tgz",
      "integrity": "sha1-w861bsDj29GjqJ3KbLf8DKNgvMg=",
      "dev": true,
      "optional": true
    },
    "esbuild-linux-arm64": {
      "version": "0.13.9",
      "resolved": "http://registry.npm.baidu-int.com/esbuild-linux-arm64/-/esbuild-linux-arm64-0.13.9.tgz",
      "integrity": "sha1-ZpIC5xuc7U0oW/0dad6UjgE6wo8=",
      "dev": true,
      "optional": true
    },
    "esbuild-linux-mips64le": {
      "version": "0.13.9",
      "resolved": "http://registry.npm.baidu-int.com/esbuild-linux-mips64le/-/esbuild-linux-mips64le-0.13.9.tgz",
      "integrity": "sha1-v0vTie4Utnxcd2aZUvLeayzIoAM=",
      "dev": true,
      "optional": true
    },
    "esbuild-linux-ppc64le": {
      "version": "0.13.9",
      "resolved": "http://registry.npm.baidu-int.com/esbuild-linux-ppc64le/-/esbuild-linux-ppc64le-0.13.9.tgz",
      "integrity": "sha1-Rlt73HBXfaYGs7XUYwKCkrbYNK0=",
      "dev": true,
      "optional": true
    },
    "esbuild-netbsd-64": {
      "version": "0.13.9",
      "resolved": "http://registry.npm.baidu-int.com/esbuild-netbsd-64/-/esbuild-netbsd-64-0.13.9.tgz",
      "integrity": "sha1-lPLavoNSAGbMHh+uPs/3hpWo67E=",
      "dev": true,
      "optional": true
    },
    "esbuild-openbsd-64": {
      "version": "0.13.9",
      "resolved": "http://registry.npm.baidu-int.com/esbuild-openbsd-64/-/esbuild-openbsd-64-0.13.9.tgz",
      "integrity": "sha1-tH9qZByjc1iu7bK3xLtz3QaCxtU=",
      "dev": true,
      "optional": true
    },
    "esbuild-sunos-64": {
      "version": "0.13.9",
      "resolved": "http://registry.npm.baidu-int.com/esbuild-sunos-64/-/esbuild-sunos-64-0.13.9.tgz",
      "integrity": "sha1-sN9KMWt8mOtJD0vQ2zgc8sORrnM=",
      "dev": true,
      "optional": true
    },
    "esbuild-windows-32": {
      "version": "0.13.9",
      "resolved": "http://registry.npm.baidu-int.com/esbuild-windows-32/-/esbuild-windows-32-0.13.9.tgz",
      "integrity": "sha1-4ilWPhNOY0+XSMyDFcaR4gEyWe8=",
      "dev": true,
      "optional": true
    },
    "esbuild-windows-64": {
      "version": "0.13.9",
      "resolved": "http://registry.npm.baidu-int.com/esbuild-windows-64/-/esbuild-windows-64-0.13.9.tgz",
      "integrity": "sha1-EDrT8T4aDkSTS5HzWOgd0gG4azQ=",
      "dev": true,
      "optional": true
    },
    "esbuild-windows-arm64": {
      "version": "0.13.9",
      "resolved": "http://registry.npm.baidu-int.com/esbuild-windows-arm64/-/esbuild-windows-arm64-0.13.9.tgz",
      "integrity": "sha1-VFu1iEgAglizObGwD8/pLIW8clE=",
      "dev": true,
      "optional": true
    },
    "estree-walker": {
      "version": "2.0.2",
      "resolved": "http://registry.npm.baidu-int.com/estree-walker/-/estree-walker-2.0.2.tgz",
      "integrity": "sha1-UvAQF4wqTBF6d1fP6UKtt9LaTKw="
    },
    "fsevents": {
      "version": "2.3.2",
      "resolved": "http://registry.npm.baidu-int.com/fsevents/-/fsevents-2.3.2.tgz",
      "integrity": "sha1-ilJveLj99GI7cJ4Ll1xSwkwC/Ro=",
      "dev": true,
      "optional": true
    },
    "function-bind": {
      "version": "1.1.1",
      "resolved": "http://registry.npm.baidu-int.com/function-bind/-/function-bind-1.1.1.tgz",
      "integrity": "sha1-pWiZ0+o8m6uHS7l3O3xe3pL0iV0=",
      "dev": true
    },
    "has": {
      "version": "1.0.3",
      "resolved": "http://registry.npm.baidu-int.com/has/-/has-1.0.3.tgz",
      "integrity": "sha512-f2dvO0VU6Oej7RkWJGrehjbzMAjFp5/VKPp5tTpWIV4JHHZK1/BxbFRtf/siA2SWTe09caDmVtYYzWEIbBS4zw==",
      "dev": true,
      "requires": {
        "function-bind": "^1.1.1"
      }
    },
    "is-core-module": {
      "version": "2.8.0",
      "resolved": "http://registry.npm.baidu-int.com/is-core-module/-/is-core-module-2.8.0.tgz",
      "integrity": "sha1-AyEzbD0JJeSX/Zf12VyxFKXM1Ug=",
      "dev": true,
      "requires": {
        "has": "^1.0.3"
      }
    },
    "magic-string": {
      "version": "0.25.7",
      "resolved": "http://registry.npm.baidu-int.com/magic-string/-/magic-string-0.25.7.tgz",
      "integrity": "sha1-P0l9b9NMZpxnmNy4IfLvMfVEUFE=",
      "requires": {
        "sourcemap-codec": "^1.4.4"
      }
    },
    "nanoid": {
      "version": "3.1.30",
      "resolved": "http://registry.npm.baidu-int.com/nanoid/-/nanoid-3.1.30.tgz",
      "integrity": "sha1-Y/k8xUjSoRPcXfvGO/oJ4rm2Q2I="
    },
    "path-parse": {
      "version": "1.0.7",
      "resolved": "http://registry.npm.baidu-int.com/path-parse/-/path-parse-1.0.7.tgz",
      "integrity": "sha1-+8EUtgykKzDZ2vWFjkvWi77bZzU=",
      "dev": true
    },
    "picocolors": {
      "version": "1.0.0",
      "resolved": "http://registry.npm.baidu-int.com/picocolors/-/picocolors-1.0.0.tgz",
      "integrity": "sha1-y1vcdP8/UYkiNur3nWi8RFZKuBw="
    },
    "postcss": {
      "version": "8.3.11",
      "resolved": "http://registry.npm.baidu-int.com/postcss/-/postcss-8.3.11.tgz",
      "integrity": "sha1-w77KfqgRzV4cSj7G0udZnvH4+Fg=",
      "requires": {
        "nanoid": "^3.1.30",
        "picocolors": "^1.0.0",
        "source-map-js": "^0.6.2"
      }
    },
    "resolve": {
      "version": "1.20.0",
      "resolved": "http://registry.npm.baidu-int.com/resolve/-/resolve-1.20.0.tgz",
      "integrity": "sha1-YpoBP7P3B1XW8LeTXMHCxTeLGXU=",
      "dev": true,
      "requires": {
        "is-core-module": "^2.2.0",
        "path-parse": "^1.0.6"
      }
    },
    "rollup": {
      "version": "2.58.3",
      "resolved": "http://registry.npm.baidu-int.com/rollup/-/rollup-2.58.3.tgz",
      "integrity": "sha1-caCBONlRX7ZQQ7ahhhiy7ZrI0jk=",
      "dev": true,
      "requires": {
        "fsevents": "~2.3.2"
      }
    },
    "source-map": {
      "version": "0.6.1",
      "resolved": "http://registry.npm.baidu-int.com/source-map/-/source-map-0.6.1.tgz",
      "integrity": "sha1-dHIq8y6WFOnCh6jQu95IteLxomM="
    },
    "source-map-js": {
      "version": "0.6.2",
      "resolved": "http://registry.npm.baidu-int.com/source-map-js/-/source-map-js-0.6.2.tgz",
      "integrity": "sha1-C7XeYxtBz72mz7qL0FqA79/SOF4="
    },
    "sourcemap-codec": {
      "version": "1.4.8",
      "resolved": "http://registry.npm.baidu-int.com/sourcemap-codec/-/sourcemap-codec-1.4.8.tgz",
      "integrity": "sha1-6oBL2UhXQC5pktBaOO8a41qatMQ="
    },
    "vite": {
      "version": "2.6.12",
      "resolved": "http://registry.npm.baidu-int.com/vite/-/vite-2.6.12.tgz",
      "integrity": "sha1-F9gZymdm9Zp2CaUKuKLSzcBfFSM=",
      "dev": true,
      "requires": {
        "esbuild": "^0.13.2",
        "fsevents": "~2.3.2",
        "postcss": "^8.3.8",
        "resolve": "^1.20.0",
        "rollup": "^2.57.0"
      }
    },
    "vue": {
      "version": "3.2.20",
      "resolved": "http://registry.npm.baidu-int.com/vue/-/vue-3.2.20.tgz",
      "integrity": "sha1-lA+KqL8+O+eCQ8pYK61B/NRa4+Y=",
      "requires": {
        "@vue/compiler-dom": "3.2.20",
        "@vue/compiler-sfc": "3.2.20",
        "@vue/runtime-dom": "3.2.20",
        "@vue/server-renderer": "3.2.20",
        "@vue/shared": "3.2.20"
      }
    },
    "vue-router": {
      "version": "4.0.12",
      "resolved": "http://registry.npm.baidu-int.com/vue-router/-/vue-router-4.0.12.tgz",
      "integrity": "sha1-jceSzd9bsavMOQj5BkE23n4TxGA=",
      "requires": {
        "@vue/devtools-api": "^6.0.0-beta.18"
      }
    },
    "vuex": {
      "version": "4.0.2",
      "resolved": "http://registry.npm.baidu-int.com/vuex/-/vuex-4.0.2.tgz",
      "integrity": "sha1-+Jbb1b8qDpY/AMZ+m2EN50nMrMk=",
      "requires": {
        "@vue/devtools-api": "^6.0.0-beta.11"
      }
    }
  }
}
